<?xml version="1.0" encoding="utf-8"?>
<Project ToolsVersion="4.0" xmlns="http://schemas.microsoft.com/developer/msbuild/2003">
  <ItemGroup>
    <Filter Include="소스 파일">
      <UniqueIdentifier>{4FC737F1-C7A5-4376-A066-2A32D752A2FF}</UniqueIdentifier>
      <Extensions>cpp;c;cc;cxx;c++;cppm;ixx;def;odl;idl;hpj;bat;asm;asmx</Extensions>
    </Filter>
    <Filter Include="헤더 파일">
      <UniqueIdentifier>{93995380-89BD-4b04-88EB-625FBE52EBFB}</UniqueIdentifier>
      <Extensions>h;hh;hpp;hxx;h++;hm;inl;inc;ipp;xsd</Extensions>
    </Filter>
    <Filter Include="리소스 파일">
      <UniqueIdentifier>{67DA6AB6-F800-4c08-8B7A-83BB121AAD01}</UniqueIdentifier>
      <Extensions>rc;ico;cur;bmp;dlg;rc2;rct;bin;rgs;gif;jpg;jpeg;jpe;resx;tiff;tif;png;wav;mfcribbon-ms</Extensions>
    </Filter>
    <Filter Include="00. MainApp">
      <UniqueIdentifier>{7e37dd9f-8b34-4f6a-9d1f-9395a65125de}</UniqueIdentifier>
    </Filter>
    <Filter Include="01. Scene">
      <UniqueIdentifier>{66a6535d-6ecf-4116-8343-0f3e1273d6ac}</UniqueIdentifier>
    </Filter>
    <Filter Include="01. Scene\Logo">
      <UniqueIdentifier>{4a818645-59a5-42f9-8d9a-dbf45c4a21ba}</UniqueIdentifier>
    </Filter>
    <Filter Include="Object">
      <UniqueIdentifier>{bf0675cb-7e9d-4275-9790-f83e48e657cd}</UniqueIdentifier>
    </Filter>
    <Filter Include="Object\00. BackGround">
      <UniqueIdentifier>{392f2baf-6b62-49de-9538-efe8792f410a}</UniqueIdentifier>
    </Filter>
    <Filter Include="Object\01. Player">
      <UniqueIdentifier>{b8abe5e0-1b82-4851-996c-66752cb43198}</UniqueIdentifier>
    </Filter>
    <Filter Include="Object\02. Monster">
      <UniqueIdentifier>{1b555bf8-7eae-4724-b956-552958a8659a}</UniqueIdentifier>
    </Filter>
    <Filter Include="01. Scene\Stage">
      <UniqueIdentifier>{e8076d28-0e45-4bff-8c4b-c40df404113e}</UniqueIdentifier>
    </Filter>
    <Filter Include="01. Scene\Loading">
      <UniqueIdentifier>{db8f0f84-7c3a-4e4c-b442-85ef59e20896}</UniqueIdentifier>
    </Filter>
    <Filter Include="Object\03. Terrain">
      <UniqueIdentifier>{a25df3c0-ea72-4ec1-b486-e7854c5a42f5}</UniqueIdentifier>
    </Filter>
    <Filter Include="Object\04. DynamicCamera">
      <UniqueIdentifier>{f6b71e34-a61a-469f-9dfa-61284d1bb164}</UniqueIdentifier>
    </Filter>
    <Filter Include="Object\05. SkyBox">
      <UniqueIdentifier>{8c68e802-7465-4daa-88e0-36d1711e59d7}</UniqueIdentifier>
    </Filter>
    <Filter Include="Object\06. Effect">
      <UniqueIdentifier>{b148149b-9f95-4e44-9929-0fe17cfa2a46}</UniqueIdentifier>
    </Filter>
    <Filter Include="Object\07. Ui">
      <UniqueIdentifier>{caa672ad-e73c-42d2-abb0-e96d59e4ad5f}</UniqueIdentifier>
    </Filter>
    <Filter Include="Object\07. Ui\00.UI">
      <UniqueIdentifier>{ac095a3a-807a-4861-a187-7b404511ab9f}</UniqueIdentifier>
    </Filter>
    <Filter Include="Object\07. Ui\00.UI\00. Button">
      <UniqueIdentifier>{75931167-b2bb-4005-a5c4-320bd328a73d}</UniqueIdentifier>
    </Filter>
    <Filter Include="Object\07. Ui\00.UI\01. Icon">
      <UniqueIdentifier>{a9aab2af-d0b8-4b3c-8080-dd982e7e377a}</UniqueIdentifier>
    </Filter>
    <Filter Include="Object\07. Ui\00.UI\02. Gauge">
      <UniqueIdentifier>{1b4f0162-b969-45c6-ab73-905f8ec2e70a}</UniqueIdentifier>
    </Filter>
    <Filter Include="Object\07. Ui\00.UI\02. Gauge\00. GameLoding">
      <UniqueIdentifier>{97915946-6e87-4107-97ea-7b3f63438710}</UniqueIdentifier>
    </Filter>
    <Filter Include="Object\07. Ui\01.Mgr">
      <UniqueIdentifier>{43ee5c85-a7a9-4eae-b2a4-199b60d2deae}</UniqueIdentifier>
    </Filter>
    <Filter Include="Object\07. Ui\01.Mgr\Factory">
      <UniqueIdentifier>{6cddae4c-c099-4938-ad69-f75377ae0765}</UniqueIdentifier>
    </Filter>
    <Filter Include="Object\01. Player\PlayerHand">
      <UniqueIdentifier>{d6fb9b62-d325-4a71-8410-20250dd250a8}</UniqueIdentifier>
    </Filter>
    <Filter Include="Object\01. Player\Dummy">
      <UniqueIdentifier>{61a98a41-493d-4a83-9b86-9ca77c6e6df5}</UniqueIdentifier>
    </Filter>
    <Filter Include="Object\01. Player\FMS">
      <UniqueIdentifier>{e686c5bd-7aec-46f8-b80b-920484f1c7a7}</UniqueIdentifier>
    </Filter>
    <Filter Include="Object\01. Player\FMS\01. PlayerState">
      <UniqueIdentifier>{fb43837b-8e30-4d26-a3e0-f36e6c7e6082}</UniqueIdentifier>
    </Filter>
    <Filter Include="Object\01. Player\FMS\02. HandState">
      <UniqueIdentifier>{20f646c8-2775-448e-a967-7c3d697b69d7}</UniqueIdentifier>
    </Filter>
    <Filter Include="01. Scene\Select">
      <UniqueIdentifier>{dffd798d-1e73-41fa-bc04-4f2f6a243e1e}</UniqueIdentifier>
    </Filter>
    <Filter Include="01. Scene\Menu">
      <UniqueIdentifier>{64b4992f-7b56-414a-88c7-a9fe5861b625}</UniqueIdentifier>
    </Filter>
    <Filter Include="Object\07. Ui\00.UI\02. Gauge\02. Scoer">
      <UniqueIdentifier>{a937f9ac-9539-40fe-be10-9ea4261ddf29}</UniqueIdentifier>
    </Filter>
    <Filter Include="Object\07. Ui\00.UI\02. Gauge\01. CookLoding">
      <UniqueIdentifier>{ad1a4e79-9d88-404e-a8cf-809cd140fe5b}</UniqueIdentifier>
    </Filter>
    <Filter Include="Object\07. Ui\00.UI\03. Order">
      <UniqueIdentifier>{1c873ff1-8568-49e5-a4ac-f6c5755b2954}</UniqueIdentifier>
    </Filter>
    <Filter Include="Object\06. Effect\Dummy">
      <UniqueIdentifier>{a27b0b6f-282a-4298-b15b-659031cf3538}</UniqueIdentifier>
    </Filter>
    <Filter Include="Object\06. Effect\Test">
      <UniqueIdentifier>{fab119d5-b941-408d-bcb1-92925955420a}</UniqueIdentifier>
    </Filter>
    <Filter Include="99.Util">
      <UniqueIdentifier>{3b21ee2c-f99b-4fa4-9110-de32ba860aaa}</UniqueIdentifier>
    </Filter>
    <Filter Include="98. InGameSystem">
      <UniqueIdentifier>{67b8d82c-be8b-4418-b8c0-b325fa117976}</UniqueIdentifier>
    </Filter>
    <Filter Include="Object\08. Tile">
      <UniqueIdentifier>{bc82f7df-4fb1-48c4-88ce-e172f2ab8458}</UniqueIdentifier>
    </Filter>
    <Filter Include="Object\08. Tile\RcTile">
      <UniqueIdentifier>{101001e5-0335-4213-ae8d-087b1769925c}</UniqueIdentifier>
    </Filter>
    <Filter Include="Object\10. MapObjects">
      <UniqueIdentifier>{5ca7870e-a19f-4cdc-bfbd-742218278fea}</UniqueIdentifier>
    </Filter>
    <Filter Include="Object\10. MapObjects\01. Interact">
      <UniqueIdentifier>{3134050e-d474-42ce-a638-6b18659dec12}</UniqueIdentifier>
    </Filter>
    <Filter Include="Object\10. MapObjects\01. Interact\01. Ingredient">
      <UniqueIdentifier>{0cbf41ef-4925-4a54-b75f-144329e8a69c}</UniqueIdentifier>
    </Filter>
    <Filter Include="Object\10. MapObjects\01. Interact\01. Ingredient\01. Seaweed">
      <UniqueIdentifier>{43d46560-e19f-4272-a196-38f6b7a66b39}</UniqueIdentifier>
    </Filter>
    <Filter Include="Object\10. MapObjects\01. Interact\01. Ingredient\02. Lettuce">
      <UniqueIdentifier>{3442d2f1-53ce-4850-aef1-400e88af8133}</UniqueIdentifier>
    </Filter>
    <Filter Include="Object\10. MapObjects\01. Interact\01. Ingredient\03. Tomato">
      <UniqueIdentifier>{5aa03116-1d45-41af-9fff-cefac5ba6fc0}</UniqueIdentifier>
    </Filter>
    <Filter Include="Object\10. MapObjects\01. Interact\01. Ingredient\04. Cucumber">
      <UniqueIdentifier>{ef9cb0fe-aab5-49f1-b816-2dc87afd074e}</UniqueIdentifier>
    </Filter>
    <Filter Include="Object\10. MapObjects\01. Interact\01. Ingredient\05. Fish">
      <UniqueIdentifier>{f47faaa4-993c-4cc0-ae4f-a2444024c406}</UniqueIdentifier>
    </Filter>
    <Filter Include="Object\10. MapObjects\01. Interact\01. Ingredient\06. Shrimp">
      <UniqueIdentifier>{b5c7ca5e-7211-4992-bb9c-fdb79721c16b}</UniqueIdentifier>
    </Filter>
    <Filter Include="Object\10. MapObjects\01. Interact\01. Ingredient\07. Rice">
      <UniqueIdentifier>{66446d94-b5a7-413b-9a21-a9690da4edd9}</UniqueIdentifier>
    </Filter>
    <Filter Include="Object\10. MapObjects\01. Interact\01. Ingredient\08. Pasta">
      <UniqueIdentifier>{1ea58efc-37e8-4284-a9a6-4f3029525d86}</UniqueIdentifier>
    </Filter>
    <Filter Include="Object\10. MapObjects\01. Interact\02. Tool">
      <UniqueIdentifier>{a25c279f-d603-4c3f-bd8b-126a4d01932d}</UniqueIdentifier>
    </Filter>
    <Filter Include="Object\10. MapObjects\01. Interact\02. Tool\01. Fryingpan">
      <UniqueIdentifier>{5dbd73cc-4af3-4f38-8b78-4b90e6ff5551}</UniqueIdentifier>
    </Filter>
    <Filter Include="Object\10. MapObjects\01. Interact\02. Tool\02. Pot">
      <UniqueIdentifier>{5860528e-3781-47d8-b732-93f295ecc4fe}</UniqueIdentifier>
    </Filter>
    <Filter Include="Object\10. MapObjects\01. Interact\02. Tool\03. Plate">
      <UniqueIdentifier>{fd1a829d-4a4e-4303-8747-aacc413ed53a}</UniqueIdentifier>
    </Filter>
    <Filter Include="Object\10. MapObjects\01. Interact\02. Tool\04. FireExtinguisher">
      <UniqueIdentifier>{a9b899d1-bdc4-4fcf-a31d-c2887978808e}</UniqueIdentifier>
    </Filter>
    <Filter Include="Object\10. MapObjects\01. Interact\03. Station">
      <UniqueIdentifier>{092e640b-006f-40a0-ab49-b6520b76b02d}</UniqueIdentifier>
    </Filter>
    <Filter Include="Object\10. MapObjects\01. Interact\03. Station\01. IngredientStation">
      <UniqueIdentifier>{dff2154b-30e9-4351-b917-34293059836d}</UniqueIdentifier>
    </Filter>
    <Filter Include="Object\10. MapObjects\01. Interact\03. Station\03. GasStation">
      <UniqueIdentifier>{6be91332-0e87-4c05-8843-8e81ed4cf76f}</UniqueIdentifier>
    </Filter>
    <Filter Include="Object\10. MapObjects\01. Interact\03. Station\04. EmptyStation">
      <UniqueIdentifier>{71b8d303-de16-4415-adc9-242ceb09ef87}</UniqueIdentifier>
    </Filter>
    <Filter Include="Object\10. MapObjects\01. Interact\03. Station\05. SinkStation">
      <UniqueIdentifier>{fdc17259-37a1-426e-882e-b6e1819f2185}</UniqueIdentifier>
    </Filter>
    <Filter Include="Object\10. MapObjects\01. Interact\03. Station\08. ServingStation">
      <UniqueIdentifier>{dfc76f74-22d3-4fa3-ba4b-5e6d71dce984}</UniqueIdentifier>
    </Filter>
    <Filter Include="Object\10. MapObjects\01. Interact\03. Station\07. DirtyPlateStation">
      <UniqueIdentifier>{7d43eaf3-4710-4722-b539-85987545828c}</UniqueIdentifier>
    </Filter>
    <Filter Include="Object\10. MapObjects\01. Interact\03. Station\06. CleanPlateStation">
      <UniqueIdentifier>{91db0c3e-2fca-4e46-8591-2f784dfac516}</UniqueIdentifier>
    </Filter>
    <Filter Include="Object\10. MapObjects\01. Interact\03. Station\10. InvisibleStation">
      <UniqueIdentifier>{9b38097b-97b8-4e5e-9118-620a39fb855c}</UniqueIdentifier>
    </Filter>
    <Filter Include="Object\10. MapObjects\01. Interact\03. Station\02. ChopStation">
      <UniqueIdentifier>{f1c7e295-6921-452b-8d84-4cf076fea126}</UniqueIdentifier>
    </Filter>
    <Filter Include="Object\10. MapObjects\02. Environment">
      <UniqueIdentifier>{0020e1ac-0988-4085-ab14-02a3d379a258}</UniqueIdentifier>
    </Filter>
    <Filter Include="Object\10. MapObjects\02. Environment\01. Floor">
      <UniqueIdentifier>{57f64615-a9d5-4083-805f-8a42da3a7875}</UniqueIdentifier>
    </Filter>
    <Filter Include="Object\10. MapObjects\02. Environment\02. Wall">
      <UniqueIdentifier>{0fead164-a4ba-4485-bcc8-f86c5cd76f76}</UniqueIdentifier>
    </Filter>
    <Filter Include="Object\10. MapObjects\03. Interface">
      <UniqueIdentifier>{1b34e109-1815-4a24-b12f-64f03fed20e9}</UniqueIdentifier>
    </Filter>
    <Filter Include="Object\10. MapObjects\03. Interface\01. ICarry">
      <UniqueIdentifier>{d60a2a67-bd9b-46bb-a4a6-af7a9280cb54}</UniqueIdentifier>
    </Filter>
    <Filter Include="Object\10. MapObjects\03. Interface\02. IPlace">
      <UniqueIdentifier>{6fcddd05-aec8-4368-b3a4-2fbc730dc1e0}</UniqueIdentifier>
    </Filter>
    <Filter Include="Object\10. MapObjects\03. Interface\03. IChop">
      <UniqueIdentifier>{96b70f4a-48f7-42ce-bdb1-dfcb90e247c1}</UniqueIdentifier>
    </Filter>
    <Filter Include="Object\10. MapObjects\03. Interface\05. IPlate">
      <UniqueIdentifier>{98ef05c8-b15d-474e-bdd1-727a64d2bc2c}</UniqueIdentifier>
    </Filter>
    <Filter Include="Object\10. MapObjects\03. Interface\06. IState">
      <UniqueIdentifier>{c05a01b2-af36-4753-87eb-62bf1736e47e}</UniqueIdentifier>
    </Filter>
    <Filter Include="Object\10. MapObjects\03. Interface\03. IProcess">
      <UniqueIdentifier>{d7149bd1-469f-4bf4-b1c5-fb9cb68c9d4d}</UniqueIdentifier>
    </Filter>
    <Filter Include="Object\10. MapObjects\00. LettuceTemp">
      <UniqueIdentifier>{e875a459-2693-43e5-814d-1b970d5b5f90}</UniqueIdentifier>
    </Filter>
    <Filter Include="Object\10. MapObjects\00. EmptystationTemp">
      <UniqueIdentifier>{3470ad54-1acb-4cae-8c3b-b0d70be38ae5}</UniqueIdentifier>
    </Filter>
    <Filter Include="Object\08. Tile\HexTile">
      <UniqueIdentifier>{77b7fda5-69a3-4817-b48a-9b7519ab9d7b}</UniqueIdentifier>
    </Filter>
    <Filter Include="Object\10. MapObjects\01. Interact\01. Ingredient\09. TomatoSoup">
      <UniqueIdentifier>{185d7030-e629-4a6c-bd8b-e75fb4f37430}</UniqueIdentifier>
    </Filter>
    <Filter Include="Object\07. Ui\00.UI\02. Gauge\01. CookLoding\CookLoding">
      <UniqueIdentifier>{e64aed36-7227-4f2a-a619-4b7ce1f7e624}</UniqueIdentifier>
    </Filter>
    <Filter Include="Object\07. Ui\00.UI\02. Gauge\01. CookLoding\CookLodingBOX">
      <UniqueIdentifier>{3c1a5d1d-7da7-4c14-b938-313f3bc037c9}</UniqueIdentifier>
    </Filter>
    <Filter Include="Object\07. Ui\00.UI\04. WarningBox">
      <UniqueIdentifier>{af529e6e-ebd7-49ea-a33b-dc787e4065fd}</UniqueIdentifier>
    </Filter>
    <Filter Include="97. SelectGameSystem">
      <UniqueIdentifier>{dd68bb0a-2b8c-46ba-b5e1-de6f1758dfab}</UniqueIdentifier>
    </Filter>
    <Filter Include="Object\08. Tile\Blue33Tile">
      <UniqueIdentifier>{599e05a0-4f90-41c3-a036-949663901c03}</UniqueIdentifier>
    </Filter>
    <Filter Include="Object\08. Tile\Blue44Tile">
      <UniqueIdentifier>{7e31ec2f-e7e0-409b-8c69-c196c8d209a1}</UniqueIdentifier>
    </Filter>
    <Filter Include="Object\08. Tile\Pink44Tile">
      <UniqueIdentifier>{86ae1d04-59a6-4068-b31c-0a1ccd4e9288}</UniqueIdentifier>
    </Filter>
    <Filter Include="Object\10. MapObjects\01. Interact\03. Station\09. TrashStation">
      <UniqueIdentifier>{95d5a2d7-f4f4-4391-bf6c-874f848a24a2}</UniqueIdentifier>
    </Filter>
    <Filter Include="Object\08. Tile\StoneBrown">
      <UniqueIdentifier>{71aaea95-89ff-4ab6-9b86-a71a0ff04319}</UniqueIdentifier>
    </Filter>
    <Filter Include="Object\08. Tile\StoneBeige">
      <UniqueIdentifier>{2859a09f-0ac9-49d6-8774-87edc6a96703}</UniqueIdentifier>
    </Filter>
    <Filter Include="Object\07. Ui\00.UI\02. Gauge\03. Timer">
      <UniqueIdentifier>{274db3f1-cabb-4042-a5a7-2a44786b4671}</UniqueIdentifier>
    </Filter>
    <Filter Include="Object\09. SelectMapObject">
      <UniqueIdentifier>{0f35326f-dc88-4749-8f08-b3afb4ecf496}</UniqueIdentifier>
    </Filter>
    <Filter Include="Object\09. SelectMapObject\Flag">
      <UniqueIdentifier>{5458e1ab-27cb-4543-bc95-f93e8366d554}</UniqueIdentifier>
    </Filter>
    <Filter Include="Object\07. Ui\00.UI\02. Gauge\03. Timer\TimeOut">
      <UniqueIdentifier>{587e7dab-26e7-4b77-8344-f875ea9ae475}</UniqueIdentifier>
    </Filter>
    <Filter Include="Object\07. Ui\00.UI\05. StarScore">
      <UniqueIdentifier>{5012c8e0-571f-44ba-95f3-25769ac6d5cc}</UniqueIdentifier>
    </Filter>
    <Filter Include="Object\07. Ui\00.UI\06. Fade out">
      <UniqueIdentifier>{16e3ac0b-7b2a-43ce-825c-b9c8b40a67f1}</UniqueIdentifier>
    </Filter>
    <Filter Include="Object\07. Ui\00.UI\07. Stage Select">
      <UniqueIdentifier>{6f12a687-69ae-4f6e-8253-075d535170ca}</UniqueIdentifier>
    </Filter>
    <Filter Include="Object\07. Ui\00.UI\07. Stage Select\00. StageNumber">
      <UniqueIdentifier>{30834ea7-cbef-4382-8872-008657fbd548}</UniqueIdentifier>
    </Filter>
    <Filter Include="Object\06. Effect\02. FireEffect">
      <UniqueIdentifier>{9f46f55e-ec65-468b-84c3-dde30cf6e8ae}</UniqueIdentifier>
    </Filter>
    <Filter Include="Object\09. SelectMapObject\Tree">
      <UniqueIdentifier>{660f2320-40be-4eee-9a1c-905b592852fd}</UniqueIdentifier>
    </Filter>
    <Filter Include="Object\09. SelectMapObject\Flower">
      <UniqueIdentifier>{8a254d4c-8011-48c1-a180-81f9c3bd09b0}</UniqueIdentifier>
    </Filter>
    <Filter Include="Object\09. SelectMapObject\Castle">
      <UniqueIdentifier>{de497943-aaa5-4d2c-8fad-9f7ae868de86}</UniqueIdentifier>
    </Filter>
    <Filter Include="Object\09. SelectMapObject\Plant">
      <UniqueIdentifier>{d23cec1b-2a6e-49ba-85c2-7f03ca3c5640}</UniqueIdentifier>
    </Filter>
    <Filter Include="Object\01. Player\Bus">
      <UniqueIdentifier>{92829c26-39eb-4c6a-914d-c073d456d55c}</UniqueIdentifier>
    </Filter>
    <Filter Include="Object\07. Ui\00.UI\05. StarScore">
      <UniqueIdentifier>{5012c8e0-571f-44ba-95f3-25769ac6d5cc}</UniqueIdentifier>
    </Filter>
    <Filter Include="Object\11. NPC">
      <UniqueIdentifier>{e3653d9b-ab4d-491f-b32e-2eeac581dfc0}</UniqueIdentifier>
    </Filter>
    <Filter Include="Object\11. NPC\01. OnionKing">
      <UniqueIdentifier>{94d4f77b-10da-4190-b50d-d0cc0a3e44f0}</UniqueIdentifier>
    </Filter>
    <Filter Include="Object\11. NPC\00. NPC">
      <UniqueIdentifier>{6d528deb-f1c6-49ae-88bd-08fa6250a14b}</UniqueIdentifier>
    </Filter>
    <Filter Include="Object\10. MapObjects\02. Environment\02. Wall\01. BrickWall">
      <UniqueIdentifier>{8e621cd0-8d02-4728-ae4d-124491a1b6ef}</UniqueIdentifier>
    </Filter>
    <Filter Include="Object\10. MapObjects\02. Environment\02. Wall\02. WoodWall">
      <UniqueIdentifier>{86818245-107e-4bef-9a24-98368de95f31}</UniqueIdentifier>
    </Filter>
  </ItemGroup>
  <ItemGroup>
    <ClInclude Include="framework.h">
      <Filter>헤더 파일</Filter>
    </ClInclude>
    <ClInclude Include="targetver.h">
      <Filter>헤더 파일</Filter>
    </ClInclude>
    <ClInclude Include="Resource.h">
      <Filter>헤더 파일</Filter>
    </ClInclude>
    <ClInclude Include="Client.h">
      <Filter>헤더 파일</Filter>
    </ClInclude>
    <ClInclude Include="pch.h">
      <Filter>헤더 파일</Filter>
    </ClInclude>
    <ClInclude Include="..\Header\CMainApp.h">
      <Filter>00. MainApp</Filter>
    </ClInclude>
    <ClInclude Include="..\Header\CLogo.h">
      <Filter>01. Scene\Logo</Filter>
    </ClInclude>
    <ClInclude Include="..\Header\CBackGround.h">
      <Filter>Object\00. BackGround</Filter>
    </ClInclude>
    <ClInclude Include="..\Header\CMonster.h">
      <Filter>Object\02. Monster</Filter>
    </ClInclude>
    <ClInclude Include="..\Header\CStage.h">
      <Filter>01. Scene\Stage</Filter>
    </ClInclude>
    <ClInclude Include="..\Header\CLoading.h">
      <Filter>01. Scene\Loading</Filter>
    </ClInclude>
    <ClInclude Include="..\Header\CTerrain.h">
      <Filter>Object\03. Terrain</Filter>
    </ClInclude>
    <ClInclude Include="..\Header\CDynamicCamera.h">
      <Filter>Object\04. DynamicCamera</Filter>
    </ClInclude>
    <ClInclude Include="..\Header\CSkyBox.h">
      <Filter>Object\05. SkyBox</Filter>
    </ClInclude>
    <ClInclude Include="..\Header\CUi.h">
      <Filter>Object\07. Ui</Filter>
    </ClInclude>
    <ClInclude Include="..\Header\CUi_Button.h">
      <Filter>Object\07. Ui\00.UI\00. Button</Filter>
    </ClInclude>
    <ClInclude Include="..\Header\CUi_Icon.h">
      <Filter>Object\07. Ui\00.UI\01. Icon</Filter>
    </ClInclude>
    <ClInclude Include="..\Header\CUi_Gauge.h">
      <Filter>Object\07. Ui\00.UI\02. Gauge</Filter>
    </ClInclude>
    <ClInclude Include="..\Header\CUi_GameLoding.h">
      <Filter>Object\07. Ui\00.UI\02. Gauge\00. GameLoding</Filter>
    </ClInclude>
    <ClInclude Include="..\Header\CUi_Factory.h">
      <Filter>Object\07. Ui\01.Mgr\Factory</Filter>
    </ClInclude>
    <ClInclude Include="..\Header\CUi_StarScore.h">
      <Filter>Object\07. Ui\00.UI\05. StarScore</Filter>
    </ClInclude>
    <ClInclude Include="..\Header\CUi_Timer.h">
      <Filter>Object\07. Ui\00.UI\02. Gauge\03. Timer</Filter>
    </ClInclude>
    <ClInclude Include="..\Header\CRealPlayer.h">
      <Filter>Object\01. Player</Filter>
    </ClInclude>
    <ClInclude Include="..\Header\CIngredient.h">
      <Filter>Object\10. MapObjects\01. Interact\01. Ingredient</Filter>
    </ClInclude>
    <ClInclude Include="..\Header\CSeaweed.h">
      <Filter>Object\10. MapObjects\01. Interact\01. Ingredient\01. Seaweed</Filter>
    </ClInclude>
    <ClInclude Include="..\Header\CFryingpan.h">
      <Filter>Object\10. MapObjects\01. Interact\02. Tool\01. Fryingpan</Filter>
    </ClInclude>
    <ClInclude Include="..\Header\CPot.h">
      <Filter>Object\10. MapObjects\01. Interact\02. Tool\02. Pot</Filter>
    </ClInclude>
    <ClInclude Include="..\Header\ICarry.h">
      <Filter>Object\10. MapObjects\03. Interface\01. ICarry</Filter>
    </ClInclude>
    <ClInclude Include="..\Header\IPlace.h">
      <Filter>Object\10. MapObjects\03. Interface\02. IPlace</Filter>
    </ClInclude>
    <ClInclude Include="..\Header\IChop.h">
      <Filter>Object\10. MapObjects\03. Interface\03. IChop</Filter>
    </ClInclude>
    <ClInclude Include="..\Header\IPlate.h">
      <Filter>Object\10. MapObjects\03. Interface\05. IPlate</Filter>
    </ClInclude>
    <ClInclude Include="..\Header\CLettuce.h">
      <Filter>Object\10. MapObjects\01. Interact\01. Ingredient\02. Lettuce</Filter>
    </ClInclude>
    <ClInclude Include="..\Header\CIngredientStation.h">
      <Filter>Object\10. MapObjects\01. Interact\03. Station\01. IngredientStation</Filter>
    </ClInclude>
    <ClInclude Include="..\Header\CTomato.h">
      <Filter>Object\10. MapObjects\01. Interact\01. Ingredient\03. Tomato</Filter>
    </ClInclude>
    <ClInclude Include="..\Header\CPlate.h">
      <Filter>Object\10. MapObjects\01. Interact\02. Tool\03. Plate</Filter>
    </ClInclude>
    <ClInclude Include="..\Header\CFireExtinguisher.h">
      <Filter>Object\10. MapObjects\01. Interact\02. Tool\04. FireExtinguisher</Filter>
    </ClInclude>
    <ClInclude Include="..\Header\CChopStation.h">
      <Filter>Object\10. MapObjects\01. Interact\03. Station\02. ChopStation</Filter>
    </ClInclude>
    <ClInclude Include="..\Header\CGasStation.h">
      <Filter>Object\10. MapObjects\01. Interact\03. Station\03. GasStation</Filter>
    </ClInclude>
    <ClInclude Include="..\Header\CEmptyStation.h">
      <Filter>Object\10. MapObjects\01. Interact\03. Station\04. EmptyStation</Filter>
    </ClInclude>
    <ClInclude Include="..\Header\CSinkStation.h">
      <Filter>Object\10. MapObjects\01. Interact\03. Station\05. SinkStation</Filter>
    </ClInclude>
    <ClInclude Include="..\Header\CServingStation.h">
      <Filter>Object\10. MapObjects\01. Interact\03. Station\08. ServingStation</Filter>
    </ClInclude>
    <ClInclude Include="..\Header\CTrashStation.h">
      <Filter>Object\10. MapObjects\01. Interact\03. Station\09. TrashStation</Filter>
    </ClInclude>
    <ClInclude Include="..\Header\CCleanPlateStation.h">
      <Filter>Object\10. MapObjects\01. Interact\03. Station\06. CleanPlateStation</Filter>
    </ClInclude>
    <ClInclude Include="..\Header\CFloor.h">
      <Filter>Object\10. MapObjects\02. Environment\01. Floor</Filter>
    </ClInclude>
    <ClInclude Include="..\Header\CCucumber.h">
      <Filter>Object\10. MapObjects\01. Interact\01. Ingredient\04. Cucumber</Filter>
    </ClInclude>
    <ClInclude Include="..\Header\CFish.h">
      <Filter>Object\10. MapObjects\01. Interact\01. Ingredient\05. Fish</Filter>
    </ClInclude>
    <ClInclude Include="..\Header\CShrimp.h">
      <Filter>Object\10. MapObjects\01. Interact\01. Ingredient\06. Shrimp</Filter>
    </ClInclude>
    <ClInclude Include="..\Header\CRice.h">
      <Filter>Object\10. MapObjects\01. Interact\01. Ingredient\07. Rice</Filter>
    </ClInclude>
    <ClInclude Include="..\Header\CPasta.h">
      <Filter>Object\10. MapObjects\01. Interact\01. Ingredient\08. Pasta</Filter>
    </ClInclude>
    <ClInclude Include="..\Header\CLettuceTemp.h">
      <Filter>Object\10. MapObjects\00. LettuceTemp</Filter>
    </ClInclude>
    <ClInclude Include="CEmptyStationTemp.h">
      <Filter>Object\10. MapObjects\00. EmptystationTemp</Filter>
    </ClInclude>
    <ClInclude Include="..\Header\CPlayerHand.h">
      <Filter>Object\01. Player\PlayerHand</Filter>
    </ClInclude>
    <ClInclude Include="..\Header\CFakePlayer.h">
      <Filter>Object\01. Player\Dummy</Filter>
    </ClInclude>
    <ClInclude Include="..\Header\CPlayer.h">
      <Filter>Object\01. Player\Dummy</Filter>
    </ClInclude>
    <ClInclude Include="..\Header\CPlayerState.h">
      <Filter>Object\01. Player\FMS\01. PlayerState</Filter>
    </ClInclude>
    <ClInclude Include="..\Header\CHandState.h">
      <Filter>Object\01. Player\FMS\02. HandState</Filter>
    </ClInclude>
    <ClInclude Include="..\Header\Player_Define.h">
      <Filter>Object\01. Player</Filter>
    </ClInclude>
    <ClInclude Include="..\Header\CDirtyPlateStation.h">
      <Filter>Object\10. MapObjects\01. Interact\03. Station\07. DirtyPlateStation</Filter>
    </ClInclude>
    <ClInclude Include="..\Header\CInteract.h">
      <Filter>Object\10. MapObjects</Filter>
    </ClInclude>
    <ClInclude Include="..\Header\CInvisibleStation.h">
      <Filter>Object\10. MapObjects\01. Interact\03. Station\10. InvisibleStation</Filter>
    </ClInclude>
    <ClInclude Include="..\Header\IState.h">
      <Filter>Object\10. MapObjects\03. Interface\06. IState</Filter>
    </ClInclude>
    <ClInclude Include="..\Header\IProcess.h">
      <Filter>Object\10. MapObjects\03. Interface\03. IProcess</Filter>
    </ClInclude>
    <ClInclude Include="..\Header\CSelect.h">
      <Filter>01. Scene\Select</Filter>
    </ClInclude>
    <ClInclude Include="..\Header\CSelectLoading.h">
      <Filter>01. Scene\Select</Filter>
    </ClInclude>
    <ClInclude Include="..\Header\CStageLoading.h">
      <Filter>01. Scene\Stage</Filter>
    </ClInclude>
    <ClInclude Include="..\Header\CMenu.h">
      <Filter>01. Scene\Menu</Filter>
    </ClInclude>
    <ClInclude Include="..\Header\CUi_Score.h">
      <Filter>Object\07. Ui\00.UI\02. Gauge\02. Scoer</Filter>
    </ClInclude>
    <ClInclude Include="..\Header\CUi_Order.h">
      <Filter>Object\07. Ui\00.UI\03. Order</Filter>
    </ClInclude>
    <ClInclude Include="..\Header\CDummyEffect.h">
      <Filter>Object\06. Effect\Dummy</Filter>
    </ClInclude>
    <ClInclude Include="..\Header\CTestEffect.h">
      <Filter>Object\06. Effect\Test</Filter>
    </ClInclude>
    <ClInclude Include="..\Header\CUtil.h">
      <Filter>99.Util</Filter>
    </ClInclude>
    <ClInclude Include="..\Header\CInGameSystem.h">
      <Filter>98. InGameSystem</Filter>
    </ClInclude>
    <ClInclude Include="..\Header\CTomatoSoup.h">
      <Filter>Object\10. MapObjects\01. Interact\01. Ingredient\09. TomatoSoup</Filter>
    </ClInclude>
    <ClInclude Include="..\Header\CUi_CookLoding.h">
      <Filter>Object\07. Ui\00.UI\02. Gauge\01. CookLoding\CookLoding</Filter>
    </ClInclude>
    <ClInclude Include="..\Header\CUi_CookLodingBox.h">
      <Filter>Object\07. Ui\00.UI\02. Gauge\01. CookLoding\CookLodingBOX</Filter>
    </ClInclude>
    <ClInclude Include="..\Header\CUi_CookLoding.h">
      <Filter>Object\07. Ui\00.UI\02. Gauge\01. CookLoding\CookLoding</Filter>
    </ClInclude>
    <ClInclude Include="..\Header\CUi_WarningBox.h">
      <Filter>Object\07. Ui\00.UI\04. WarningBox</Filter>
    </ClInclude>
    <ClInclude Include="..\Header\CHexTile.h">
      <Filter>Object\08. Tile\HexTile</Filter>
    </ClInclude>
    <ClInclude Include="..\Header\CRcTile.h">
      <Filter>Object\08. Tile\RcTile</Filter>
    </ClInclude>
    <ClInclude Include="..\Header\CSelectGameSystem.h">
      <Filter>97. SelectGameSystem</Filter>
    </ClInclude>
    <ClInclude Include="..\Header\CPink44Tile.h">
      <Filter>Object\08. Tile\Pink44Tile</Filter>
    </ClInclude>
    <ClInclude Include="..\Header\CBlue44Tile.h">
      <Filter>Object\08. Tile\Blue44Tile</Filter>
    </ClInclude>
    <ClInclude Include="..\Header\CBlue33Tile.h">
      <Filter>Object\08. Tile\Blue33Tile</Filter>
    </ClInclude>
    <ClInclude Include="..\Header\CStoneBrownTile.h">
      <Filter>Object\08. Tile\StoneBrown</Filter>
    </ClInclude>
    <ClInclude Include="..\Header\CStoneBeigeTile.h">
      <Filter>Object\08. Tile\StoneBeige</Filter>
    </ClInclude>
    <ClInclude Include="..\Header\CFlag.h">
      <Filter>Object\09. SelectMapObject\Flag</Filter>
    </ClInclude>
    <ClInclude Include="CUi_TimeOut.h">
      <Filter>Object\07. Ui\00.UI\02. Gauge\03. Timer\TimeOut</Filter>
    </ClInclude>
    <ClInclude Include="..\Header\CUi_Fadeout.h">
      <Filter>Object\07. Ui\00.UI\06. Fade out</Filter>
    </ClInclude>
    <ClInclude Include="..\Header\CUi_StageNumber.h">
      <Filter>Object\07. Ui\00.UI\07. Stage Select\00. StageNumber</Filter>
    </ClInclude>
    <ClInclude Include="..\Header\CFireEffect.h">
      <Filter>Object\06. Effect\02. FireEffect</Filter>
    </ClInclude>
    <ClInclude Include="..\Header\CFlower.h">
      <Filter>Object\09. SelectMapObject\Flower</Filter>
    </ClInclude>
    <ClInclude Include="..\Header\CCastle.h">
      <Filter>Object\09. SelectMapObject\Castle</Filter>
    </ClInclude>
    <ClInclude Include="..\Header\CPlant.h">
      <Filter>Object\09. SelectMapObject\Plant</Filter>
    </ClInclude>
    <ClInclude Include="..\Header\CTree.h">
      <Filter>Object\09. SelectMapObject\Tree</Filter>
    </ClInclude>
    <ClInclude Include="..\Header\CBus.h">
      <Filter>Object\01. Player\Bus</Filter>
    </ClInclude>
    <ClInclude Include="..\Header\COnionKing.h">
      <Filter>Object\11. NPC\01. OnionKing</Filter>
    </ClInclude>
    <ClInclude Include="..\Header\CNPC.h">
      <Filter>Object\11. NPC\00. NPC</Filter>
    </ClInclude> 
    <ClInclude Include="..\Header\CBrickWall.h">
      <Filter>Object\10. MapObjects\02. Environment\02. Wall\01. BrickWall</Filter>
    </ClInclude>
    <ClInclude Include="..\Header\CWoodWall.h">
      <Filter>Object\10. MapObjects\02. Environment\02. Wall\02. WoodWall</Filter>
    </ClInclude>
  </ItemGroup>
  <ItemGroup>
    <ClCompile Include="pch.cpp">
      <Filter>소스 파일</Filter>
    </ClCompile>
    <ClCompile Include="..\Code\CMainApp.cpp">
      <Filter>00. MainApp</Filter>
    </ClCompile>
    <ClCompile Include="..\Code\CLogo.cpp">
      <Filter>01. Scene\Logo</Filter>
    </ClCompile>
    <ClCompile Include="..\Code\CBackGround.cpp">
      <Filter>Object\00. BackGround</Filter>
    </ClCompile>
    <ClCompile Include="..\Code\CMonster.cpp">
      <Filter>Object\02. Monster</Filter>
    </ClCompile>
    <ClCompile Include="..\Code\CStage.cpp">
      <Filter>01. Scene\Stage</Filter>
    </ClCompile>
    <ClCompile Include="..\Code\CTerrain.cpp">
      <Filter>Object\03. Terrain</Filter>
    </ClCompile>
    <ClCompile Include="..\Code\CDynamicCamera.cpp">
      <Filter>Object\04. DynamicCamera</Filter>
    </ClCompile>
    <ClCompile Include="..\Code\CSkyBox.cpp">
      <Filter>Object\05. SkyBox</Filter>
    </ClCompile>
    <ClCompile Include="..\Code\CUi.cpp">
      <Filter>Object\07. Ui</Filter>
    </ClCompile>
    <ClCompile Include="..\Code\CUi_Button.cpp">
      <Filter>Object\07. Ui\00.UI\00. Button</Filter>
    </ClCompile>
    <ClCompile Include="..\Code\CUi_Icon.cpp">
      <Filter>Object\07. Ui\00.UI\01. Icon</Filter>
    </ClCompile>
    <ClCompile Include="..\Code\CUi_Gauge.cpp">
      <Filter>Object\07. Ui\00.UI\02. Gauge</Filter>
    </ClCompile>
    <ClCompile Include="..\Code\CUi_GameLoding.cpp">
      <Filter>Object\07. Ui\00.UI\02. Gauge\00. GameLoding</Filter>
    </ClCompile>
    <ClCompile Include="..\Code\CUi_StarScore.cpp">
      <Filter>Object\07. Ui\00.UI\05. StarScore</Filter>
    </ClCompile>
    <ClCompile Include="..\Code\CUi_Timer.cpp">
      <Filter>Object\07. Ui\00.UI\02. Gauge\03. Timer</Filter>
    </ClCompile>
    <ClCompile Include="..\Code\CRealPlayer.cpp">
      <Filter>Object\01. Player</Filter>
    </ClCompile>
    <ClCompile Include="..\Code\CIngredient.cpp">
      <Filter>Object\10. MapObjects\01. Interact\01. Ingredient</Filter>
    </ClCompile>
    <ClCompile Include="..\Code\CSeaweed.cpp">
      <Filter>Object\10. MapObjects\01. Interact\01. Ingredient\01. Seaweed</Filter>
    </ClCompile>
    <ClCompile Include="..\Code\CFryingpan.cpp">
      <Filter>Object\10. MapObjects\01. Interact\02. Tool\01. Fryingpan</Filter>
    </ClCompile>
    <ClCompile Include="..\Code\CPot.cpp">
      <Filter>Object\10. MapObjects\01. Interact\02. Tool\02. Pot</Filter>
    </ClCompile>
    <ClCompile Include="..\Code\CLettuce.cpp">
      <Filter>Object\10. MapObjects\01. Interact\01. Ingredient\02. Lettuce</Filter>
    </ClCompile>
    <ClCompile Include="..\Code\CIngredientStation.cpp">
      <Filter>Object\10. MapObjects\01. Interact\03. Station\01. IngredientStation</Filter>
    </ClCompile>
    <ClCompile Include="..\Code\CTomato.cpp">
      <Filter>Object\10. MapObjects\01. Interact\01. Ingredient\03. Tomato</Filter>
    </ClCompile>
    <ClCompile Include="..\Code\CPlate.cpp">
      <Filter>Object\10. MapObjects\01. Interact\02. Tool\03. Plate</Filter>
    </ClCompile>
    <ClCompile Include="..\Code\CFireExtinguisher.cpp">
      <Filter>Object\10. MapObjects\01. Interact\02. Tool\04. FireExtinguisher</Filter>
    </ClCompile>
    <ClCompile Include="..\Code\CChopStation.cpp">
      <Filter>Object\10. MapObjects\01. Interact\03. Station\02. ChopStation</Filter>
    </ClCompile>
    <ClCompile Include="..\Code\CGasStation.cpp">
      <Filter>Object\10. MapObjects\01. Interact\03. Station\03. GasStation</Filter>
    </ClCompile>
    <ClCompile Include="..\Code\CEmptyStation.cpp">
      <Filter>Object\10. MapObjects\01. Interact\03. Station\04. EmptyStation</Filter>
    </ClCompile>
    <ClCompile Include="..\Code\CSinkStation.cpp">
      <Filter>Object\10. MapObjects\01. Interact\03. Station\05. SinkStation</Filter>
    </ClCompile>
    <ClCompile Include="..\Code\CServingStation.cpp">
      <Filter>Object\10. MapObjects\01. Interact\03. Station\08. ServingStation</Filter>
    </ClCompile>
    <ClCompile Include="..\Code\CTrashStation.cpp">
      <Filter>Object\10. MapObjects\01. Interact\03. Station\09. TrashStation</Filter>
    </ClCompile>
    <ClCompile Include="..\Code\CCleanPlateStation.cpp">
      <Filter>Object\10. MapObjects\01. Interact\03. Station\06. CleanPlateStation</Filter>
    </ClCompile>
    <ClCompile Include="..\Code\CFloor.cpp">
      <Filter>Object\10. MapObjects\02. Environment\01. Floor</Filter>
    </ClCompile>
    <ClCompile Include="..\Code\CCucumber.cpp">
      <Filter>Object\10. MapObjects\01. Interact\01. Ingredient\04. Cucumber</Filter>
    </ClCompile>
    <ClCompile Include="..\Code\CFish.cpp">
      <Filter>Object\10. MapObjects\01. Interact\01. Ingredient\05. Fish</Filter>
    </ClCompile>
    <ClCompile Include="..\Code\CShrimp.cpp">
      <Filter>Object\10. MapObjects\01. Interact\01. Ingredient\06. Shrimp</Filter>
    </ClCompile>
    <ClCompile Include="..\Code\CRice.cpp">
      <Filter>Object\10. MapObjects\01. Interact\01. Ingredient\07. Rice</Filter>
    </ClCompile>
    <ClCompile Include="..\Code\CPasta.cpp">
      <Filter>Object\10. MapObjects\01. Interact\01. Ingredient\08. Pasta</Filter>
    </ClCompile>
    <ClCompile Include="..\Code\CLettuceTemp.cpp">
      <Filter>Object\10. MapObjects\00. LettuceTemp</Filter>
    </ClCompile>
    <ClCompile Include="CEmptyStationTemp.cpp">
      <Filter>Object\10. MapObjects\00. EmptystationTemp</Filter>
    </ClCompile>
    <ClCompile Include="..\Code\CFakePlayer.cpp">
      <Filter>Object\01. Player\Dummy</Filter>
    </ClCompile>
    <ClCompile Include="..\Code\CPlayer.cpp">
      <Filter>Object\01. Player\Dummy</Filter>
    </ClCompile>
    <ClCompile Include="..\Code\CPlayerState.cpp">
      <Filter>Object\01. Player\FMS\01. PlayerState</Filter>
    </ClCompile>
    <ClCompile Include="..\Code\CHandState.cpp">
      <Filter>Object\01. Player\FMS\02. HandState</Filter>
    </ClCompile>
    <ClCompile Include="..\Code\CDirtyPlateStation.cpp">
      <Filter>Object\10. MapObjects\01. Interact\03. Station\07. DirtyPlateStation</Filter>
    </ClCompile>
    <ClCompile Include="..\Code\CInteract.cpp">
      <Filter>Object\10. MapObjects</Filter>
    </ClCompile>
    <ClCompile Include="..\Code\CInvisibleStation.cpp">
      <Filter>Object\10. MapObjects\01. Interact\03. Station\10. InvisibleStation</Filter>
    </ClCompile>
    <ClCompile Include="..\Code\IState.cpp">
      <Filter>Object\10. MapObjects\03. Interface\06. IState</Filter>
    </ClCompile>
    <ClCompile Include="..\Code\CPlayerHand.cpp">
      <Filter>Object\01. Player\PlayerHand</Filter>
    </ClCompile>
    <ClCompile Include="..\Code\CSelect.cpp">
      <Filter>01. Scene\Select</Filter>
    </ClCompile>
    <ClCompile Include="..\Code\CSelectLoading.cpp">
      <Filter>01. Scene\Select</Filter>
    </ClCompile>
    <ClCompile Include="..\Code\CStageLoading.cpp">
      <Filter>01. Scene\Stage</Filter>
    </ClCompile>
    <ClCompile Include="Client.cpp">
      <Filter>소스 파일</Filter>
    </ClCompile>
    <ClCompile Include="..\Code\CMenu.cpp">
      <Filter>01. Scene\Menu</Filter>
    </ClCompile>
    <ClCompile Include="..\Code\CUi_Score.cpp">
      <Filter>Object\07. Ui\00.UI\02. Gauge\02. Scoer</Filter>
    </ClCompile>
    <ClCompile Include="..\Code\CUi_Order.cpp">
      <Filter>Object\07. Ui\00.UI\03. Order</Filter>
    </ClCompile>
    <ClCompile Include="..\Code\CDummyEffect.cpp">
      <Filter>Object\06. Effect\Dummy</Filter>
    </ClCompile>
    <ClCompile Include="..\Code\CTestEffect.cpp">
      <Filter>Object\06. Effect\Test</Filter>
    </ClCompile>
    <ClCompile Include="..\Code\CUtil.cpp">
      <Filter>99.Util</Filter>
    </ClCompile>
    <ClCompile Include="..\Code\CInGameSystem.cpp">
      <Filter>98. InGameSystem</Filter>
    </ClCompile>
    <ClCompile Include="..\Code\CLoading.cpp">
      <Filter>01. Scene\Loading</Filter>
    </ClCompile>
    <ClCompile Include="..\Code\CTomatoSoup.cpp">
      <Filter>Object\10. MapObjects\01. Interact\01. Ingredient\09. TomatoSoup</Filter>
    </ClCompile>
    <ClCompile Include="..\Code\CUi_CookLodingBox.cpp">
      <Filter>Object\07. Ui\00.UI\02. Gauge\01. CookLoding\CookLodingBOX</Filter>
    </ClCompile>
    <ClCompile Include="..\Code\CUi_CookLoding.cpp">
      <Filter>Object\07. Ui\00.UI\02. Gauge\01. CookLoding\CookLoding</Filter>
    </ClCompile>
    <ClCompile Include="..\Code\CUi_CookLoding.cpp">
      <Filter>Object\07. Ui\00.UI\02. Gauge\01. CookLoding\CookLoding</Filter>
    </ClCompile>
    <ClCompile Include="..\Code\CUi_CookLodingBox.cpp">
      <Filter>Object\07. Ui\00.UI\02. Gauge\01. CookLoding\CookLodingBOX</Filter>
    </ClCompile>
    <ClCompile Include="..\Code\CUi_WarningBox.cpp">
      <Filter>Object\07. Ui\00.UI\04. WarningBox</Filter>
    </ClCompile>
    <ClCompile Include="..\Code\CHexTile.cpp">
      <Filter>Object\08. Tile\HexTile</Filter>
    </ClCompile>
    <ClCompile Include="..\Code\CRcTile.cpp">
      <Filter>Object\08. Tile\RcTile</Filter>
    </ClCompile>
    <ClCompile Include="..\Code\CSelectGameSystem.cpp">
      <Filter>97. SelectGameSystem</Filter>
    </ClCompile>
    <ClCompile Include="..\Code\CPink44Tile.cpp">
      <Filter>Object\08. Tile\Pink44Tile</Filter>
    </ClCompile>
    <ClCompile Include="..\Code\CBlue44Tile.cpp">
      <Filter>Object\08. Tile\Blue44Tile</Filter>
    </ClCompile>
    <ClCompile Include="..\Code\CBlue33Tile.cpp">
      <Filter>Object\08. Tile\Blue33Tile</Filter>
    </ClCompile>
    <ClCompile Include="..\Code\CStoneBrownTile.cpp">
      <Filter>Object\08. Tile\StoneBrown</Filter>
    </ClCompile>
    <ClCompile Include="..\Code\CStoneBeigeTile.cpp">
      <Filter>Object\08. Tile\StoneBeige</Filter>
    </ClCompile>
    <ClCompile Include="..\Code\CFlag.cpp">
      <Filter>Object\09. SelectMapObject\Flag</Filter>
    </ClCompile>
    <ClCompile Include="CUi_TimeOut.cpp">
      <Filter>Object\07. Ui\00.UI\02. Gauge\03. Timer\TimeOut</Filter>
    </ClCompile>
    <ClCompile Include="..\Code\CUi_Fadeout.cpp">
      <Filter>Object\07. Ui\00.UI\06. Fade out</Filter>
    </ClCompile>
    <ClCompile Include="..\Code\CUi_StageNumber.cpp">
      <Filter>Object\07. Ui\00.UI\07. Stage Select\00. StageNumber</Filter>
    </ClCompile>
    <ClCompile Include="..\Code\CFireEffect.cpp">
      <Filter>Object\06. Effect\02. FireEffect</Filter>
    </ClCompile>
    <ClCompile Include="..\Code\CFlower.cpp">
      <Filter>Object\09. SelectMapObject\Flower</Filter>
    </ClCompile>
    <ClCompile Include="..\Code\CCastle.cpp">
      <Filter>Object\09. SelectMapObject\Castle</Filter>
    </ClCompile>
    <ClCompile Include="..\Code\CPlant.cpp">
      <Filter>Object\09. SelectMapObject\Plant</Filter>
    </ClCompile>
    <ClCompile Include="..\Code\CTree.cpp">
      <Filter>Object\09. SelectMapObject\Tree</Filter>
    </ClCompile>
    <ClCompile Include="..\Code\CBus.cpp">
      <Filter>Object\01. Player\Bus</Filter>
    </ClCompile>
    <ClCompile Include="..\Code\COnionKing.cpp">
      <Filter>Object\11. NPC\01. OnionKing</Filter>
    </ClCompile>
    <ClCompile Include="..\Code\CNPC.cpp">
      <Filter>Object\11. NPC\00. NPC</Filter>
    </ClCompile>
    <ClCompile Include="..\Code\CBrickWall.cpp">
      <Filter>Object\10. MapObjects\02. Environment\02. Wall\01. BrickWall</Filter>
    </ClCompile>
    <ClCompile Include="..\Code\CWoodWall.cpp">
      <Filter>Object\10. MapObjects\02. Environment\02. Wall\02. WoodWall</Filter>
    </ClCompile>
  </ItemGroup>
  <ItemGroup>
    <ResourceCompile Include="Client.rc">
      <Filter>리소스 파일</Filter>
    </ResourceCompile>
  </ItemGroup>
  <ItemGroup>
    <Image Include="small.ico">
      <Filter>리소스 파일</Filter>
    </Image>
    <Image Include="Client.ico">
      <Filter>리소스 파일</Filter>
    </Image>
  </ItemGroup>
</Project>